
Microsoft Visual Studio Solution File, Format Version 12.00
# Visual Studio Version 17
VisualStudioVersion = 17.7.34031.279
MinimumVisualStudioVersion = 10.0.40219.1
Project("{2150E333-8FDC-42A3-9474-1A3956D46DE8}") = "Core", "Core", "{F52F6944-F09D-42B5-9379-B683EE487E34}"
EndProject
Project("{2150E333-8FDC-42A3-9474-1A3956D46DE8}") = "Presentation", "Presentation", "{CEA38446-4877-4CEA-91AC-446DB70F55C2}"
EndProject
Project("{2150E333-8FDC-42A3-9474-1A3956D46DE8}") = "Infrastructure", "Infrastructure", "{7BFC6373-CC9D-498F-9060-12AA09505382}"
EndProject
Project("{FAE04EC0-301F-11D3-BF4B-00C04F79EFBC}") = "YoutubeApi.Domain", "Core\YoutubeApi.Domain\YoutubeApi.Domain.csproj", "{37E42043-2957-4031-A748-9078117D27A3}"
EndProject
Project("{FAE04EC0-301F-11D3-BF4B-00C04F79EFBC}") = "YoutubeApi.Application", "Core\YoutubeApi.Application\YoutubeApi.Application.csproj", "{0C6BAA91-875E-4C4F-86E7-EDF8EDDE6E1A}"
EndProject
Project("{FAE04EC0-301F-11D3-BF4B-00C04F79EFBC}") = "YoutubeApi.Infrastructure", "Infrastructure\YoutubeApi.Infrastructure\YoutubeApi.Infrastructure.csproj", "{3A4ED174-0172-4428-8F04-3EAB6ED05C95}"
EndProject
Project("{FAE04EC0-301F-11D3-BF4B-00C04F79EFBC}") = "YoutubeApi.Persistence", "Infrastructure\YoutubeApi.Persistence\YoutubeApi.Persistence.csproj", "{C72D1C7E-4386-4977-95EA-6D0D1D515A09}"
EndProject
Project("{FAE04EC0-301F-11D3-BF4B-00C04F79EFBC}") = "YoutubeApi.Api", "Presentation\YoutubeApi.Api\YoutubeApi.Api.csproj", "{38DDDF03-884D-4A04-A40B-4BDFEC5137A4}"
EndProject
Global
	GlobalSection(SolutionConfigurationPlatforms) = preSolution
		Debug|Any CPU = Debug|Any CPU
		Release|Any CPU = Release|Any CPU
	EndGlobalSection
	GlobalSection(ProjectConfigurationPlatforms) = postSolution
		{37E42043-2957-4031-A748-9078117D27A3}.Debug|Any CPU.ActiveCfg = Debug|Any CPU
		{37E42043-2957-4031-A748-9078117D27A3}.Debug|Any CPU.Build.0 = Debug|Any CPU
		{37E42043-2957-4031-A748-9078117D27A3}.Release|Any CPU.ActiveCfg = Release|Any CPU
		{37E42043-2957-4031-A748-9078117D27A3}.Release|Any CPU.Build.0 = Release|Any CPU
		{0C6BAA91-875E-4C4F-86E7-EDF8EDDE6E1A}.Debug|Any CPU.ActiveCfg = Debug|Any CPU
		{0C6BAA91-875E-4C4F-86E7-EDF8EDDE6E1A}.Debug|Any CPU.Build.0 = Debug|Any CPU
		{0C6BAA91-875E-4C4F-86E7-EDF8EDDE6E1A}.Release|Any CPU.ActiveCfg = Release|Any CPU
		{0C6BAA91-875E-4C4F-86E7-EDF8EDDE6E1A}.Release|Any CPU.Build.0 = Release|Any CPU
		{3A4ED174-0172-4428-8F04-3EAB6ED05C95}.Debug|Any CPU.ActiveCfg = Debug|Any CPU
		{3A4ED174-0172-4428-8F04-3EAB6ED05C95}.Debug|Any CPU.Build.0 = Debug|Any CPU
		{3A4ED174-0172-4428-8F04-3EAB6ED05C95}.Release|Any CPU.ActiveCfg = Release|Any CPU
		{3A4ED174-0172-4428-8F04-3EAB6ED05C95}.Release|Any CPU.Build.0 = Release|Any CPU
		{C72D1C7E-4386-4977-95EA-6D0D1D515A09}.Debug|Any CPU.ActiveCfg = Debug|Any CPU
		{C72D1C7E-4386-4977-95EA-6D0D1D515A09}.Debug|Any CPU.Build.0 = Debug|Any CPU
		{C72D1C7E-4386-4977-95EA-6D0D1D515A09}.Release|Any CPU.ActiveCfg = Release|Any CPU
		{C72D1C7E-4386-4977-95EA-6D0D1D515A09}.Release|Any CPU.Build.0 = Release|Any CPU
		{38DDDF03-884D-4A04-A40B-4BDFEC5137A4}.Debug|Any CPU.ActiveCfg = Debug|Any CPU
		{38DDDF03-884D-4A04-A40B-4BDFEC5137A4}.Debug|Any CPU.Build.0 = Debug|Any CPU
		{38DDDF03-884D-4A04-A40B-4BDFEC5137A4}.Release|Any CPU.ActiveCfg = Release|Any CPU
		{38DDDF03-884D-4A04-A40B-4BDFEC5137A4}.Release|Any CPU.Build.0 = Release|Any CPU
	EndGlobalSection
	GlobalSection(SolutionProperties) = preSolution
		HideSolutionNode = FALSE
	EndGlobalSection
	GlobalSection(NestedProjects) = preSolution
		{37E42043-2957-4031-A748-9078117D27A3} = {F52F6944-F09D-42B5-9379-B683EE487E34}
		{0C6BAA91-875E-4C4F-86E7-EDF8EDDE6E1A} = {F52F6944-F09D-42B5-9379-B683EE487E34}
		{3A4ED174-0172-4428-8F04-3EAB6ED05C95} = {7BFC6373-CC9D-498F-9060-12AA09505382}
		{C72D1C7E-4386-4977-95EA-6D0D1D515A09} = {7BFC6373-CC9D-498F-9060-12AA09505382}
		{38DDDF03-884D-4A04-A40B-4BDFEC5137A4} = {CEA38446-4877-4CEA-91AC-446DB70F55C2}
	EndGlobalSection
	GlobalSection(ExtensibilityGlobals) = postSolution
		SolutionGuid = {D651A644-D3AB-4AC4-8BDD-91ACBBA108B4}
	EndGlobalSection
EndGlobal
